
Microsoft Visual Studio Solution File, Format Version 12.00
# Visual Studio Version 17
VisualStudioVersion = 17.3.32825.248
MinimumVisualStudioVersion = 10.0.40219.1
Project("{FAE04EC0-301F-11D3-BF4B-00C04F79EFBC}") = "TextClassificationWPF", "TextClassificationWPF\TextClassificationWPF.csproj", "{D16328BA-6671-4B59-8E0E-0E5B08516852}"
EndProject
Project("{FAE04EC0-301F-11D3-BF4B-00C04F79EFBC}") = "Test", "Test\Test.csproj", "{C9A2222E-8417-4F26-8D52-C332F8B40A05}"
EndProject
Global
	GlobalSection(SolutionConfigurationPlatforms) = preSolution
		Debug|Any CPU = Debug|Any CPU
		Release|Any CPU = Release|Any CPU
	EndGlobalSection
	GlobalSection(ProjectConfigurationPlatforms) = postSolution
		{D16328BA-6671-4B59-8E0E-0E5B08516852}.Debug|Any CPU.ActiveCfg = Debug|Any CPU
		{D16328BA-6671-4B59-8E0E-0E5B08516852}.Debug|Any CPU.Build.0 = Debug|Any CPU
		{D16328BA-6671-4B59-8E0E-0E5B08516852}.Release|Any CPU.ActiveCfg = Release|Any CPU
		{D16328BA-6671-4B59-8E0E-0E5B08516852}.Release|Any CPU.Build.0 = Release|Any CPU
		{C9A2222E-8417-4F26-8D52-C332F8B40A05}.Debug|Any CPU.ActiveCfg = Debug|Any CPU
		{C9A2222E-8417-4F26-8D52-C332F8B40A05}.Debug|Any CPU.Build.0 = Debug|Any CPU
		{C9A2222E-8417-4F26-8D52-C332F8B40A05}.Release|Any CPU.ActiveCfg = Release|Any CPU
		{C9A2222E-8417-4F26-8D52-C332F8B40A05}.Release|Any CPU.Build.0 = Release|Any CPU
	EndGlobalSection
	GlobalSection(SolutionProperties) = preSolution
		HideSolutionNode = FALSE
	EndGlobalSection
	GlobalSection(ExtensibilityGlobals) = postSolution
		SolutionGuid = {08FB4ACF-624B-4787-A655-D1F6ACF876FE}
	EndGlobalSection
EndGlobal
